github.com/yuin/goldmark v1.7.4 h1:BDXOHExt+A7gwPCJgPIIq7ENvceR7we7rOS9TNoLZeg=
github.com/yuin/goldmark v1.7.4/go.mod h1:uzxRWxtg69N339t3louHJ7+O03ezfj6PlliRlaOzY1E=
github.com/yuin/goldmark v1.7.8 h1:iERMLn0/QJeHFhxSt3p6PeN9mGnvIKSpG9YYorDMnic=
github.com/yuin/goldmark v1.7.8/go.mod h1:uzxRWxtg69N339t3louHJ7+O03ezfj6PlliRlaOzY1E=
github.com/yuin/goldmark v1.7.9 h1:rVSeT+f7/lAM+bJHVm5YHGwNrnd40i1Ch2DEocEjHQ0=
github.com/yuin/goldmark v1.7.9/go.mod h1:ip/1k0VRfGynBgxOz0yCqHrbZXhcjxyuS66Brc7iBKg=
